
Microsoft Visual Studio Solution File, Format Version 12.00
Project("{FAE04EC0-301F-11D3-BF4B-00C04F79EFBC}") = "Menherachan.WebAPI", "Menherachan.WebAPI\Menherachan.WebAPI.csproj", "{7721C692-9C90-4FFD-A33F-ECBC7C7640AA}"
EndProject
Project("{FAE04EC0-301F-11D3-BF4B-00C04F79EFBC}") = "Menherachan.Core", "Menherachan.Core\Menherachan.Core.csproj", "{A69FF473-9AA5-4EA0-98A5-39AC66FD79D3}"
EndProject
Global
	GlobalSection(SolutionConfigurationPlatforms) = preSolution
		Debug|Any CPU = Debug|Any CPU
		Release|Any CPU = Release|Any CPU
	EndGlobalSection
	GlobalSection(ProjectConfigurationPlatforms) = postSolution
		{7721C692-9C90-4FFD-A33F-ECBC7C7640AA}.Debug|Any CPU.ActiveCfg = Debug|Any CPU
		{7721C692-9C90-4FFD-A33F-ECBC7C7640AA}.Debug|Any CPU.Build.0 = Debug|Any CPU
		{7721C692-9C90-4FFD-A33F-ECBC7C7640AA}.Release|Any CPU.ActiveCfg = Release|Any CPU
		{7721C692-9C90-4FFD-A33F-ECBC7C7640AA}.Release|Any CPU.Build.0 = Release|Any CPU
		{A69FF473-9AA5-4EA0-98A5-39AC66FD79D3}.Debug|Any CPU.ActiveCfg = Debug|Any CPU
		{A69FF473-9AA5-4EA0-98A5-39AC66FD79D3}.Debug|Any CPU.Build.0 = Debug|Any CPU
		{A69FF473-9AA5-4EA0-98A5-39AC66FD79D3}.Release|Any CPU.ActiveCfg = Release|Any CPU
		{A69FF473-9AA5-4EA0-98A5-39AC66FD79D3}.Release|Any CPU.Build.0 = Release|Any CPU
	EndGlobalSection
EndGlobal
